
Microsoft Visual Studio Solution File, Format Version 12.00
# Visual Studio Version 16
VisualStudioVersion = 16.0.31112.23
MinimumVisualStudioVersion = 10.0.40219.1
Project("{FAE04EC0-301F-11D3-BF4B-00C04F79EFBC}") = "SidarBlog", "SidarBlog\SidarBlog.csproj", "{051F3DF3-6384-4344-A775-03951757107F}"
EndProject
Global
	GlobalSection(SolutionConfigurationPlatforms) = preSolution
		Debug|Any CPU = Debug|Any CPU
		Release|Any CPU = Release|Any CPU
	EndGlobalSection
	GlobalSection(ProjectConfigurationPlatforms) = postSolution
		{051F3DF3-6384-4344-A775-03951757107F}.Debug|Any CPU.ActiveCfg = Debug|Any CPU
		{051F3DF3-6384-4344-A775-03951757107F}.Debug|Any CPU.Build.0 = Debug|Any CPU
		{051F3DF3-6384-4344-A775-03951757107F}.Release|Any CPU.ActiveCfg = Release|Any CPU
		{051F3DF3-6384-4344-A775-03951757107F}.Release|Any CPU.Build.0 = Release|Any CPU
	EndGlobalSection
	GlobalSection(SolutionProperties) = preSolution
		HideSolutionNode = FALSE
	EndGlobalSection
	GlobalSection(ExtensibilityGlobals) = postSolution
		SolutionGuid = {D28FD3D5-A6AD-4986-A080-2DE168A8765D}
	EndGlobalSection
EndGlobal
